// !$*UTF8*$!
{
	archiveVersion = 1;
	classes = {
	};
	objectVersion = 46;
	objects = {

/* Begin PBXBuildFile section */
		83AEF1E11F61158B00FBDC5D /* main.m in Sources */ = {isa = PBXBuildFile; fileRef = 83AEF1E01F61158B00FBDC5D /* main.m */; };
		83AEF1E41F61158B00FBDC5D /* AppDelegate.m in Sources */ = {isa = PBXBuildFile; fileRef = 83AEF1E31F61158B00FBDC5D /* AppDelegate.m */; };
		83AEF1E71F61158B00FBDC5D /* ViewController.m in Sources */ = {isa = PBXBuildFile; fileRef = 83AEF1E61F61158B00FBDC5D /* ViewController.m */; };
		83AEF1EA1F61158B00FBDC5D /* Main.storyboard in Resources */ = {isa = PBXBuildFile; fileRef = 83AEF1E81F61158B00FBDC5D /* Main.storyboard */; };
		83AEF1EC1F61158B00FBDC5D /* Assets.xcassets in Resources */ = {isa = PBXBuildFile; fileRef = 83AEF1EB1F61158B00FBDC5D /* Assets.xcassets */; };
		83AEF1EF1F61158B00FBDC5D /* LaunchScreen.storyboard in Resources */ = {isa = PBXBuildFile; fileRef = 83AEF1ED1F61158B00FBDC5D /* LaunchScreen.storyboard */; };
		83AEF1FA1F61158B00FBDC5D /* ChainStyleBackGroundViewTests.m in Sources */ = {isa = PBXBuildFile; fileRef = 83AEF1F91F61158B00FBDC5D /* ChainStyleBackGroundViewTests.m */; };
		83AEF2051F61158B00FBDC5D /* ChainStyleBackGroundViewUITests.m in Sources */ = {isa = PBXBuildFile; fileRef = 83AEF2041F61158B00FBDC5D /* ChainStyleBackGroundViewUITests.m */; };
		83AEF2151F6115C000FBDC5D /* BackView.m in Sources */ = {isa = PBXBuildFile; fileRef = 83AEF2141F6115C000FBDC5D /* BackView.m */; };
		83AEF2181F6115C600FBDC5D /* PointView.m in Sources */ = {isa = PBXBuildFile; fileRef = 83AEF2171F6115C600FBDC5D /* PointView.m */; };
/* End PBXBuildFile section */

/* Begin PBXContainerItemProxy section */
		83AEF1F61F61158B00FBDC5D /* PBXContainerItemProxy */ = {
			isa = PBXContainerItemProxy;
			containerPortal = 83AEF1D41F61158B00FBDC5D /* Project object */;
			proxyType = 1;
			remoteGlobalIDString = 83AEF1DB1F61158B00FBDC5D;
			remoteInfo = ChainStyleBackGroundView;
		};
		83AEF2011F61158B00FBDC5D /* PBXContainerItemProxy */ = {
			isa = PBXContainerItemProxy;
			containerPortal = 83AEF1D41F61158B00FBDC5D /* Project object */;
			proxyType = 1;
			remoteGlobalIDString = 83AEF1DB1F61158B00FBDC5D;
			remoteInfo = ChainStyleBackGroundView;
		};
/* End PBXContainerItemProxy section */

/* Begin PBXFileReference section */
		83AEF1DC1F61158B00FBDC5D /* ChainStyleBackGroundView.app */ = {isa = PBXFileReference; explicitFileType = wrapper.application; includeInIndex = 0; path = ChainStyleBackGroundView.app; sourceTree = BUILT_PRODUCTS_DIR; };
		83AEF1E01F61158B00FBDC5D /* main.m */ = {isa = PBXFileReference; lastKnownFileType = sourcecode.c.objc; path = main.m; sourceTree = "<group>"; };
		83AEF1E21F61158B00FBDC5D /* AppDelegate.h */ = {isa = PBXFileReference; lastKnownFileType = sourcecode.c.h; path = AppDelegate.h; sourceTree = "<group>"; };
		83AEF1E31F61158B00FBDC5D /* AppDelegate.m */ = {isa = PBXFileReference; lastKnownFileType = sourcecode.c.objc; path = AppDelegate.m; sourceTree = "<group>"; };
		83AEF1E51F61158B00FBDC5D /* ViewController.h */ = {isa = PBXFileReference; lastKnownFileType = sourcecode.c.h; path = ViewController.h; sourceTree = "<group>"; };
		83AEF1E61F61158B00FBDC5D /* ViewController.m */ = {isa = PBXFileReference; lastKnownFileType = sourcecode.c.objc; path = ViewController.m; sourceTree = "<group>"; };
		83AEF1E91F61158B00FBDC5D /* Base */ = {isa = PBXFileReference; lastKnownFileType = file.storyboard; name = Base; path = Base.lproj/Main.storyboard; sourceTree = "<group>"; };
		83AEF1EB1F61158B00FBDC5D /* Assets.xcassets */ = {isa = PBXFileReference; lastKnownFileType = folder.assetcatalog; path = Assets.xcassets; sourceTree = "<group>"; };
		83AEF1EE1F61158B00FBDC5D /* Base */ = {isa = PBXFileReference; lastKnownFileType = file.storyboard; name = Base; path = Base.lproj/LaunchScreen.storyboard; sourceTree = "<group>"; };
		83AEF1F01F61158B00FBDC5D /* Info.plist */ = {isa = PBXFileReference; lastKnownFileType = text.plist.xml; path = Info.plist; sourceTree = "<group>"; };
		83AEF1F51F61158B00FBDC5D /* ChainStyleBackGroundViewTests.xctest */ = {isa = PBXFileReference; explicitFileType = wrapper.cfbundle; includeInIndex = 0; path = ChainStyleBackGroundViewTests.xctest; sourceTree = BUILT_PRODUCTS_DIR; };
		83AEF1F91F61158B00FBDC5D /* ChainStyleBackGroundViewTests.m */ = {isa = PBXFileReference; lastKnownFileType = sourcecode.c.objc; path = ChainStyleBackGroundViewTests.m; sourceTree = "<group>"; };
		83AEF1FB1F61158B00FBDC5D /* Info.plist */ = {isa = PBXFileReference; lastKnownFileType = text.plist.xml; path = Info.plist; sourceTree = "<group>"; };
		83AEF2001F61158B00FBDC5D /* ChainStyleBackGroundViewUITests.xctest */ = {isa = PBXFileReference; explicitFileType = wrapper.cfbundle; includeInIndex = 0; path = ChainStyleBackGroundViewUITests.xctest; sourceTree = BUILT_PRODUCTS_DIR; };
		83AEF2041F61158B00FBDC5D /* ChainStyleBackGroundViewUITests.m */ = {isa = PBXFileReference; lastKnownFileType = sourcecode.c.objc; path = ChainStyleBackGroundViewUITests.m; sourceTree = "<group>"; };
		83AEF2061F61158B00FBDC5D /* Info.plist */ = {isa = PBXFileReference; lastKnownFileType = text.plist.xml; path = Info.plist; sourceTree = "<group>"; };
		83AEF2131F6115C000FBDC5D /* BackView.h */ = {isa = PBXFileReference; fileEncoding = 4; lastKnownFileType = sourcecode.c.h; path = BackView.h; sourceTree = "<group>"; };
		83AEF2141F6115C000FBDC5D /* BackView.m */ = {isa = PBXFileReference; fileEncoding = 4; lastKnownFileType = sourcecode.c.objc; path = BackView.m; sourceTree = "<group>"; };
		83AEF2161F6115C600FBDC5D /* PointView.h */ = {isa = PBXFileReference; fileEncoding = 4; lastKnownFileType = sourcecode.c.h; path = PointView.h; sourceTree = "<group>"; };
		83AEF2171F6115C600FBDC5D /* PointView.m */ = {isa = PBXFileReference; fileEncoding = 4; lastKnownFileType = sourcecode.c.objc; path = PointView.m; sourceTree = "<group>"; };
/* End PBXFileReference section */

/* Begin PBXFrameworksBuildPhase section */
		83AEF1D91F61158B00FBDC5D /* Frameworks */ = {
			isa = PBXFrameworksBuildPhase;
			buildActionMask = 2147483647;
			files = (
			);
			runOnlyForDeploymentPostprocessing = 0;
		};
		83AEF1F21F61158B00FBDC5D /* Frameworks */ = {
			isa = PBXFrameworksBuildPhase;
			buildActionMask = 2147483647;
			files = (
			);
			runOnlyForDeploymentPostprocessing = 0;
		};
		83AEF1FD1F61158B00FBDC5D /* Frameworks */ = {
			isa = PBXFrameworksBuildPhase;
			buildActionMask = 2147483647;
			files = (
			);
			runOnlyForDeploymentPostprocessing = 0;
		};
/* End PBXFrameworksBuildPhase section */

/* Begin PBXGroup section */
		83AEF1D31F61158B00FBDC5D = {
			isa = PBXGroup;
			children = (
				83AEF1DE1F61158B00FBDC5D /* ChainStyleBackGroundView */,
				83AEF1F81F61158B00FBDC5D /* ChainStyleBackGroundViewTests */,
				83AEF2031F61158B00FBDC5D /* ChainStyleBackGroundViewUITests */,
				83AEF1DD1F61158B00FBDC5D /* Products */,
			);
			sourceTree = "<group>";
		};
		83AEF1DD1F61158B00FBDC5D /* Products */ = {
			isa = PBXGroup;
			children = (
				83AEF1DC1F61158B00FBDC5D /* ChainStyleBackGroundView.app */,
				83AEF1F51F61158B00FBDC5D /* ChainStyleBackGroundViewTests.xctest */,
				83AEF2001F61158B00FBDC5D /* ChainStyleBackGroundViewUITests.xctest */,
			);
			name = Products;
			sourceTree = "<group>";
		};
		83AEF1DE1F61158B00FBDC5D /* ChainStyleBackGroundView */ = {
			isa = PBXGroup;
			children = (
				83AEF2121F61159D00FBDC5D /* BackgroundView */,
				83AEF1E21F61158B00FBDC5D /* AppDelegate.h */,
				83AEF1E31F61158B00FBDC5D /* AppDelegate.m */,
				83AEF1E51F61158B00FBDC5D /* ViewController.h */,
				83AEF1E61F61158B00FBDC5D /* ViewController.m */,
				83AEF1E81F61158B00FBDC5D /* Main.storyboard */,
				83AEF1EB1F61158B00FBDC5D /* Assets.xcassets */,
				83AEF1ED1F61158B00FBDC5D /* LaunchScreen.storyboard */,
				83AEF1F01F61158B00FBDC5D /* Info.plist */,
				83AEF1DF1F61158B00FBDC5D /* Supporting Files */,
			);
			path = ChainStyleBackGroundView;
			sourceTree = "<group>";
		};
		83AEF1DF1F61158B00FBDC5D /* Supporting Files */ = {
			isa = PBXGroup;
			children = (
				83AEF1E01F61158B00FBDC5D /* main.m */,
			);
			name = "Supporting Files";
			sourceTree = "<group>";
		};
		83AEF1F81F61158B00FBDC5D /* ChainStyleBackGroundViewTests */ = {
			isa = PBXGroup;
			children = (
				83AEF1F91F61158B00FBDC5D /* ChainStyleBackGroundViewTests.m */,
				83AEF1FB1F61158B00FBDC5D /* Info.plist */,
			);
			path = ChainStyleBackGroundViewTests;
			sourceTree = "<group>";
		};
		83AEF2031F61158B00FBDC5D /* ChainStyleBackGroundViewUITests */ = {
			isa = PBXGroup;
			children = (
				83AEF2041F61158B00FBDC5D /* ChainStyleBackGroundViewUITests.m */,
				83AEF2061F61158B00FBDC5D /* Info.plist */,
			);
			path = ChainStyleBackGroundViewUITests;
			sourceTree = "<group>";
		};
		83AEF2121F61159D00FBDC5D /* BackgroundView */ = {
			isa = PBXGroup;
			children = (
				83AEF2161F6115C600FBDC5D /* PointView.h */,
				83AEF2171F6115C600FBDC5D /* PointView.m */,
				83AEF2131F6115C000FBDC5D /* BackView.h */,
				83AEF2141F6115C000FBDC5D /* BackView.m */,
			);
			name = BackgroundView;
			sourceTree = "<group>";
		};
/* End PBXGroup section */

/* Begin PBXNativeTarget section */
		83AEF1DB1F61158B00FBDC5D /* ChainStyleBackGroundView */ = {
			isa = PBXNativeTarget;
			buildConfigurationList = 83AEF2091F61158B00FBDC5D /* Build configuration list for PBXNativeTarget "ChainStyleBackGroundView" */;
			buildPhases = (
				83AEF1D81F61158B00FBDC5D /* Sources */,
				83AEF1D91F61158B00FBDC5D /* Frameworks */,
				83AEF1DA1F61158B00FBDC5D /* Resources */,
			);
			buildRules = (
			);
			dependencies = (
			);
			name = ChainStyleBackGroundView;
			productName = ChainStyleBackGroundView;
			productReference = 83AEF1DC1F61158B00FBDC5D /* ChainStyleBackGroundView.app */;
			productType = "com.apple.product-type.application";
		};
		83AEF1F41F61158B00FBDC5D /* ChainStyleBackGroundViewTests */ = {
			isa = PBXNativeTarget;
			buildConfigurationList = 83AEF20C1F61158B00FBDC5D /* Build configuration list for PBXNativeTarget "ChainStyleBackGroundViewTests" */;
			buildPhases = (
				83AEF1F11F61158B00FBDC5D /* Sources */,
				83AEF1F21F61158B00FBDC5D /* Frameworks */,
				83AEF1F31F61158B00FBDC5D /* Resources */,
			);
			buildRules = (
			);
			dependencies = (
				83AEF1F71F61158B00FBDC5D /* PBXTargetDependency */,
			);
			name = ChainStyleBackGroundViewTests;
			productName = ChainStyleBackGroundViewTests;
			productReference = 83AEF1F51F61158B00FBDC5D /* ChainStyleBackGroundViewTests.xctest */;
			productType = "com.apple.product-type.bundle.unit-test";
		};
		83AEF1FF1F61158B00FBDC5D /* ChainStyleBackGroundViewUITests */ = {
			isa = PBXNativeTarget;
			buildConfigurationList = 83AEF20F1F61158B00FBDC5D /* Build configuration list for PBXNativeTarget "ChainStyleBackGroundViewUITests" */;
			buildPhases = (
				83AEF1FC1F61158B00FBDC5D /* Sources */,
				83AEF1FD1F61158B00FBDC5D /* Frameworks */,
				83AEF1FE1F61158B00FBDC5D /* Resources */,
			);
			buildRules = (
			);
			dependencies = (
				83AEF2021F61158B00FBDC5D /* PBXTargetDependency */,
			);
			name = ChainStyleBackGroundViewUITests;
			productName = ChainStyleBackGroundViewUITests;
			productReference = 83AEF2001F61158B00FBDC5D /* ChainStyleBackGroundViewUITests.xctest */;
			productType = "com.apple.product-type.bundle.ui-testing";
		};
/* End PBXNativeTarget section */

/* Begin PBXProject section */
		83AEF1D41F61158B00FBDC5D /* Project object */ = {
			isa = PBXProject;
			attributes = {
				LastUpgradeCheck = 0830;
				ORGANIZATIONNAME = "姜饼不甜";
				TargetAttributes = {
					83AEF1DB1F61158B00FBDC5D = {
						CreatedOnToolsVersion = 8.3.2;
						DevelopmentTeam = RQQYZ2492L;
						ProvisioningStyle = Automatic;
					};
					83AEF1F41F61158B00FBDC5D = {
						CreatedOnToolsVersion = 8.3.2;
						DevelopmentTeam = RQQYZ2492L;
						ProvisioningStyle = Automatic;
						TestTargetID = 83AEF1DB1F61158B00FBDC5D;
					};
					83AEF1FF1F61158B00FBDC5D = {
						CreatedOnToolsVersion = 8.3.2;
						DevelopmentTeam = RQQYZ2492L;
						ProvisioningStyle = Automatic;
						TestTargetID = 83AEF1DB1F61158B00FBDC5D;
					};
				};
			};
			buildConfigurationList = 83AEF1D71F61158B00FBDC5D /* Build configuration list for PBXProject "ChainStyleBackGroundView" */;
			compatibilityVersion = "Xcode 3.2";
			developmentRegion = English;
			hasScannedForEncodings = 0;
			knownRegions = (
				en,
				Base,
			);
			mainGroup = 83AEF1D31F61158B00FBDC5D;
			productRefGroup = 83AEF1DD1F61158B00FBDC5D /* Products */;
			projectDirPath = "";
			projectRoot = "";
			targets = (
				83AEF1DB1F61158B00FBDC5D /* ChainStyleBackGroundView */,
				83AEF1F41F61158B00FBDC5D /* ChainStyleBackGroundViewTests */,
				83AEF1FF1F61158B00FBDC5D /* ChainStyleBackGroundViewUITests */,
			);
		};
/* End PBXProject section */

/* Begin PBXResourcesBuildPhase section */
		83AEF1DA1F61158B00FBDC5D /* Resources */ = {
			isa = PBXResourcesBuildPhase;
			buildActionMask = 2147483647;
			files = (
				83AEF1EF1F61158B00FBDC5D /* LaunchScreen.storyboard in Resources */,
				83AEF1EC1F61158B00FBDC5D /* Assets.xcassets in Resources */,
				83AEF1EA1F61158B00FBDC5D /* Main.storyboard in Resources */,
			);
			runOnlyForDeploymentPostprocessing = 0;
		};
		83AEF1F31F61158B00FBDC5D /* Resources */ = {
			isa = PBXResourcesBuildPhase;
			buildActionMask = 2147483647;
			files = (
			);
			runOnlyForDeploymentPostprocessing = 0;
		};
		83AEF1FE1F61158B00FBDC5D /* Resources */ = {
			isa = PBXResourcesBuildPhase;
			buildActionMask = 2147483647;
			files = (
			);
			runOnlyForDeploymentPostprocessing = 0;
		};
/* End PBXResourcesBuildPhase section */

/* Begin PBXSourcesBuildPhase section */
		83AEF1D81F61158B00FBDC5D /* Sources */ = {
			isa = PBXSourcesBuildPhase;
			buildActionMask = 2147483647;
			files = (
				83AEF1E71F61158B00FBDC5D /* ViewController.m in Sources */,
				83AEF2151F6115C000FBDC5D /* BackView.m in Sources */,
				83AEF1E41F61158B00FBDC5D /* AppDelegate.m in Sources */,
				83AEF2181F6115C600FBDC5D /* PointView.m in Sources */,
				83AEF1E11F61158B00FBDC5D /* main.m in Sources */,
			);
			runOnlyForDeploymentPostprocessing = 0;
		};
		83AEF1F11F61158B00FBDC5D /* Sources */ = {
			isa = PBXSourcesBuildPhase;
			buildActionMask = 2147483647;
			files = (
				83AEF1FA1F61158B00FBDC5D /* ChainStyleBackGroundViewTests.m in Sources */,
			);
			runOnlyForDeploymentPostprocessing = 0;
		};
		83AEF1FC1F61158B00FBDC5D /* Sources */ = {
			isa = PBXSourcesBuildPhase;
			buildActionMask = 2147483647;
			files = (
				83AEF2051F61158B00FBDC5D /* ChainStyleBackGroundViewUITests.m in Sources */,
			);
			runOnlyForDeploymentPostprocessing = 0;
		};
/* End PBXSourcesBuildPhase section */

/* Begin PBXTargetDependency section */
		83AEF1F71F61158B00FBDC5D /* PBXTargetDependency */ = {
			isa = PBXTargetDependency;
			target = 83AEF1DB1F61158B00FBDC5D /* ChainStyleBackGroundView */;
			targetProxy = 83AEF1F61F61158B00FBDC5D /* PBXContainerItemProxy */;
		};
		83AEF2021F61158B00FBDC5D /* PBXTargetDependency */ = {
			isa = PBXTargetDependency;
			target = 83AEF1DB1F61158B00FBDC5D /* ChainStyleBackGroundView */;
			targetProxy = 83AEF2011F61158B00FBDC5D /* PBXContainerItemProxy */;
		};
/* End PBXTargetDependency section */

/* Begin PBXVariantGroup section */
		83AEF1E81F61158B00FBDC5D /* Main.storyboard */ = {
			isa = PBXVariantGroup;
			children = (
				83AEF1E91F61158B00FBDC5D /* Base */,
			);
			name = Main.storyboard;
			sourceTree = "<group>";
		};
		83AEF1ED1F61158B00FBDC5D /* LaunchScreen.storyboard */ = {
			isa = PBXVariantGroup;
			children = (
				83AEF1EE1F61158B00FBDC5D /* Base */,
			);
			name = LaunchScreen.storyboard;
			sourceTree = "<group>";
		};
/* End PBXVariantGroup section */

/* Begin XCBuildConfiguration section */
		83AEF2071F61158B00FBDC5D /* Debug */ = {
			isa = XCBuildConfiguration;
			buildSettings = {
				ALWAYS_SEARCH_USER_PATHS = NO;
				CLANG_ANALYZER_NONNULL = YES;
				CLANG_ANALYZER_NUMBER_OBJECT_CONVERSION = YES_AGGRESSIVE;
				CLANG_CXX_LANGUAGE_STANDARD = "gnu++0x";
				CLANG_CXX_LIBRARY = "libc++";
				CLANG_ENABLE_MODULES = YES;
				CLANG_ENABLE_OBJC_ARC = YES;
				CLANG_WARN_BOOL_CONVERSION = YES;
				CLANG_WARN_CONSTANT_CONVERSION = YES;
				CLANG_WARN_DIRECT_OBJC_ISA_USAGE = YES_ERROR;
				CLANG_WARN_DOCUMENTATION_COMMENTS = YES;
				CLANG_WARN_EMPTY_BODY = YES;
				CLANG_WARN_ENUM_CONVERSION = YES;
				CLANG_WARN_INFINITE_RECURSION = YES;
				CLANG_WARN_INT_CONVERSION = YES;
				CLANG_WARN_OBJC_ROOT_CLASS = YES_ERROR;
				CLANG_WARN_SUSPICIOUS_MOVE = YES;
				CLANG_WARN_UNREACHABLE_CODE = YES;
				CLANG_WARN__DUPLICATE_METHOD_MATCH = YES;
				"CODE_SIGN_IDENTITY[sdk=iphoneos*]" = "iPhone Developer";
				COPY_PHASE_STRIP = NO;
				DEBUG_INFORMATION_FORMAT = dwarf;
				ENABLE_STRICT_OBJC_MSGSEND = YES;
				ENABLE_TESTABILITY = YES;
				GCC_C_LANGUAGE_STANDARD = gnu99;
				GCC_DYNAMIC_NO_PIC = NO;
				GCC_NO_COMMON_BLOCKS = YES;
				GCC_OPTIMIZATION_LEVEL = 0;
				GCC_PREPROCESSOR_DEFINITIONS = (
					"DEBUG=1",
					"$(inherited)",
				);
				GCC_WARN_64_TO_32_BIT_CONVERSION = YES;
				GCC_WARN_ABOUT_RETURN_TYPE = YES_ERROR;
				GCC_WARN_UNDECLARED_SELECTOR = YES;
				GCC_WARN_UNINITIALIZED_AUTOS = YES_AGGRESSIVE;
				GCC_WARN_UNUSED_FUNCTION = YES;
				GCC_WARN_UNUSED_VARIABLE = YES;
				IPHONEOS_DEPLOYMENT_TARGET = 10.3;
				MTL_ENABLE_DEBUG_INFO = YES;
				ONLY_ACTIVE_ARCH = YES;
				SDKROOT = iphoneos;
			};
			name = Debug;
		};
		83AEF2081F61158B00FBDC5D /* Release */ = {
			isa = XCBuildConfiguration;
			buildSettings = {
				ALWAYS_SEARCH_USER_PATHS = NO;
				CLANG_ANALYZER_NONNULL = YES;
				CLANG_ANALYZER_NUMBER_OBJECT_CONVERSION = YES_AGGRESSIVE;
				CLANG_CXX_LANGUAGE_STANDARD = "gnu++0x";
				CLANG_CXX_LIBRARY = "libc++";
				CLANG_ENABLE_MODULES = YES;
				CLANG_ENABLE_OBJC_ARC = YES;
				CLANG_WARN_BOOL_CONVERSION = YES;
				CLANG_WARN_CONSTANT_CONVERSION = YES;
				CLANG_WARN_DIRECT_OBJC_ISA_USAGE = YES_ERROR;
				CLANG_WARN_DOCUMENTATION_COMMENTS = YES;
				CLANG_WARN_EMPTY_BODY = YES;
				CLANG_WARN_ENUM_CONVERSION = YES;
				CLANG_WARN_INFINITE_RECURSION = YES;
				CLANG_WARN_INT_CONVERSION = YES;
				CLANG_WARN_OBJC_ROOT_CLASS = YES_ERROR;
				CLANG_WARN_SUSPICIOUS_MOVE = YES;
				CLANG_WARN_UNREACHABLE_CODE = YES;
				CLANG_WARN__DUPLICATE_METHOD_MATCH = YES;
				"CODE_SIGN_IDENTITY[sdk=iphoneos*]" = "iPhone Developer";
				COPY_PHASE_STRIP = NO;
				DEBUG_INFORMATION_FORMAT = "dwarf-with-dsym";
				ENABLE_NS_ASSERTIONS = NO;
				ENABLE_STRICT_OBJC_MSGSEND = YES;
				GCC_C_LANGUAGE_STANDARD = gnu99;
				GCC_NO_COMMON_BLOCKS = YES;
				GCC_WARN_64_TO_32_BIT_CONVERSION = YES;
				GCC_WARN_ABOUT_RETURN_TYPE = YES_ERROR;
				GCC_WARN_UNDECLARED_SELECTOR = YES;
				GCC_WARN_UNINITIALIZED_AUTOS = YES_AGGRESSIVE;
				GCC_WARN_UNUSED_FUNCTION = YES;
				GCC_WARN_UNUSED_VARIABLE = YES;
				IPHONEOS_DEPLOYMENT_TARGET = 10.3;
				MTL_ENABLE_DEBUG_INFO = NO;
				SDKROOT = iphoneos;
				VALIDATE_PRODUCT = YES;
			};
			name = Release;
		};
		83AEF20A1F61158B00FBDC5D /* Debug */ = {
			isa = XCBuildConfiguration;
			buildSettings = {
				ASSETCATALOG_COMPILER_APPICON_NAME = AppIcon;
				DEVELOPMENT_TEAM = RQQYZ2492L;
				INFOPLIST_FILE = ChainStyleBackGroundView/Info.plist;
				LD_RUNPATH_SEARCH_PATHS = "$(inherited) @executable_path/Frameworks";
				PRODUCT_BUNDLE_IDENTIFIER = com.Baffin.ChainStyleBackGroundView;
				PRODUCT_NAME = "$(TARGET_NAME)";
			};
			name = Debug;
		};
		83AEF20B1F61158B00FBDC5D /* Release */ = {
			isa = XCBuildConfiguration;
			buildSettings = {
				ASSETCATALOG_COMPILER_APPICON_NAME = AppIcon;
				DEVELOPMENT_TEAM = RQQYZ2492L;
				INFOPLIST_FILE = ChainStyleBackGroundView/Info.plist;
				LD_RUNPATH_SEARCH_PATHS = "$(inherited) @executable_path/Frameworks";
				PRODUCT_BUNDLE_IDENTIFIER = com.Baffin.ChainStyleBackGroundView;
				PRODUCT_NAME = "$(TARGET_NAME)";
			};
			name = Release;
		};
		83AEF20D1F61158B00FBDC5D /* Debug */ = {
			isa = XCBuildConfiguration;
			buildSettings = {
				BUNDLE_LOADER = "$(TEST_HOST)";
				DEVELOPMENT_TEAM = RQQYZ2492L;
				INFOPLIST_FILE = ChainStyleBackGroundViewTests/Info.plist;
				LD_RUNPATH_SEARCH_PATHS = "$(inherited) @executable_path/Frameworks @loader_path/Frameworks";
				PRODUCT_BUNDLE_IDENTIFIER = com.Baffin.ChainStyleBackGroundViewTests;
				PRODUCT_NAME = "$(TARGET_NAME)";
				TEST_HOST = "$(BUILT_PRODUCTS_DIR)/ChainStyleBackGroundView.app/ChainStyleBackGroundView";
			};
			name = Debug;
		};
		83AEF20E1F61158B00FBDC5D /* Release */ = {
			isa = XCBuildConfiguration;
			buildSettings = {
				BUNDLE_LOADER = "$(TEST_HOST)";
				DEVELOPMENT_TEAM = RQQYZ2492L;
				INFOPLIST_FILE = ChainStyleBackGroundViewTests/Info.plist;
				LD_RUNPATH_SEARCH_PATHS = "$(inherited) @executable_path/Frameworks @loader_path/Frameworks";
				PRODUCT_BUNDLE_IDENTIFIER = com.Baffin.ChainStyleBackGroundViewTests;
				PRODUCT_NAME = "$(TARGET_NAME)";
				TEST_HOST = "$(BUILT_PRODUCTS_DIR)/ChainStyleBackGroundView.app/ChainStyleBackGroundView";
			};
			name = Release;
		};
		83AEF2101F61158B00FBDC5D /* Debug */ = {
			isa = XCBuildConfiguration;
			buildSettings = {
				DEVELOPMENT_TEAM = RQQYZ2492L;
				INFOPLIST_FILE = ChainStyleBackGroundViewUITests/Info.plist;
				LD_RUNPATH_SEARCH_PATHS = "$(inherited) @executable_path/Frameworks @loader_path/Frameworks";
				PRODUCT_BUNDLE_IDENTIFIER = com.Baffin.ChainStyleBackGroundViewUITests;
				PRODUCT_NAME = "$(TARGET_NAME)";
				TEST_TARGET_NAME = ChainStyleBackGroundView;
			};
			name = Debug;
		};
		83AEF2111F61158B00FBDC5D /* Release */ = {
			isa = XCBuildConfiguration;
			buildSettings = {
				DEVELOPMENT_TEAM = RQQYZ2492L;
				INFOPLIST_FILE = ChainStyleBackGroundViewUITests/Info.plist;
				LD_RUNPATH_SEARCH_PATHS = "$(inherited) @executable_path/Frameworks @loader_path/Frameworks";
				PRODUCT_BUNDLE_IDENTIFIER = com.Baffin.ChainStyleBackGroundViewUITests;
				PRODUCT_NAME = "$(TARGET_NAME)";
				TEST_TARGET_NAME = ChainStyleBackGroundView;
			};
			name = Release;
		};
/* End XCBuildConfiguration section */

/* Begin XCConfigurationList section */
		83AEF1D71F61158B00FBDC5D /* Build configuration list for PBXProject "ChainStyleBackGroundView" */ = {
			isa = XCConfigurationList;
			buildConfigurations = (
				83AEF2071F61158B00FBDC5D /* Debug */,
				83AEF2081F61158B00FBDC5D /* Release */,
			);
			defaultConfigurationIsVisible = 0;
			defaultConfigurationName = Release;
		};
		83AEF2091F61158B00FBDC5D /* Build configuration list for PBXNativeTarget "ChainStyleBackGroundView" */ = {
			isa = XCConfigurationList;
			buildConfigurations = (
				83AEF20A1F61158B00FBDC5D /* Debug */,
				83AEF20B1F61158B00FBDC5D /* Release */,
			);
			defaultConfigurationIsVisible = 0;
		};
		83AEF20C1F61158B00FBDC5D /* Build configuration list for PBXNativeTarget "ChainStyleBackGroundViewTests" */ = {
			isa = XCConfigurationList;
			buildConfigurations = (
				83AEF20D1F61158B00FBDC5D /* Debug */,
				83AEF20E1F61158B00FBDC5D /* Release */,
			);
			defaultConfigurationIsVisible = 0;
		};
		83AEF20F1F61158B00FBDC5D /* Build configuration list for PBXNativeTarget "ChainStyleBackGroundViewUITests" */ = {
			isa = XCConfigurationList;
			buildConfigurations = (
				83AEF2101F61158B00FBDC5D /* Debug */,
				83AEF2111F61158B00FBDC5D /* Release */,
			);
			defaultConfigurationIsVisible = 0;
		};
/* End XCConfigurationList section */
	};
	rootObject = 83AEF1D41F61158B00FBDC5D /* Project object */;
}
